
Microsoft Visual Studio Solution File, Format Version 12.00
# Visual Studio 14
VisualStudioVersion = 14.0.25123.0
MinimumVisualStudioVersion = 10.0.40219.1
Project("{8BC9CEB8-8B4A-11D0-8D11-00A0C91BC942}") = "LightInstaller", "LightInstaller\LightInstaller.vcxproj", "{26099036-5B91-41A1-A298-0585EEE3F2AF}"
EndProject
Project("{8BC9CEB8-8B4A-11D0-8D11-00A0C91BC942}") = "Algovisor_cli", "Algovisor_cli\Algovisor_cli.vcxproj", "{1517053B-3D78-425F-A16D-47960A1B9B5E}"
EndProject
Project("{8BC9CEB8-8B4A-11D0-8D11-00A0C91BC942}") = "CQG_Server", "CQG_Server\CQG_Server.vcxproj", "{B5C7EC14-2D15-4395-8802-7189F03F1A38}"
EndProject
Project("{8BC9CEB8-8B4A-11D0-8D11-00A0C91BC942}") = "Plaza2_Connector", "Plaza2_Connector\Plaza2_Connector.vcxproj", "{0F266F5F-F501-472B-B3B3-60FA3664E350}"
	ProjectSection(ProjectDependencies) = postProject
		{0247AF0C-9670-457F-80BD-AB5E156DD070} = {0247AF0C-9670-457F-80BD-AB5E156DD070}
	EndProjectSection
EndProject
Project("{8BC9CEB8-8B4A-11D0-8D11-00A0C91BC942}") = "Plaza2Connector_Tester", "Plaza2Connector_Tester\Plaza2Connector_Tester.vcxproj", "{E941237D-1441-4BE3-81DF-E21C956BCB1E}"
EndProject
Project("{8BC9CEB8-8B4A-11D0-8D11-00A0C91BC942}") = "DataCollector", "DataCollector\DataCollector.vcxproj", "{98ACA150-5596-4B51-A54E-C84881D34799}"
	ProjectSection(ProjectDependencies) = postProject
		{0247AF0C-9670-457F-80BD-AB5E156DD070} = {0247AF0C-9670-457F-80BD-AB5E156DD070}
		{0F266F5F-F501-472B-B3B3-60FA3664E350} = {0F266F5F-F501-472B-B3B3-60FA3664E350}
		{DEE594DA-8B0A-4BFF-873B-F2588B9D5EF9} = {DEE594DA-8B0A-4BFF-873B-F2588B9D5EF9}
		{354364F8-85EF-4388-9397-B0D032BAA3A4} = {354364F8-85EF-4388-9397-B0D032BAA3A4}
	EndProjectSection
EndProject
Project("{8BC9CEB8-8B4A-11D0-8D11-00A0C91BC942}") = "Utils", "Utils\Utils.vcxproj", "{0247AF0C-9670-457F-80BD-AB5E156DD070}"
EndProject
Project("{8BC9CEB8-8B4A-11D0-8D11-00A0C91BC942}") = "edbExporter", "edbExport\edbExport.vcxproj", "{325CF5A0-4732-4EA0-A293-0A5E1C9AB24C}"
EndProject
Project("{8BC9CEB8-8B4A-11D0-8D11-00A0C91BC942}") = "ASTS_Connector", "ASTS_Connector\ASTS_Connector.vcxproj", "{354364F8-85EF-4388-9397-B0D032BAA3A4}"
	ProjectSection(ProjectDependencies) = postProject
		{0247AF0C-9670-457F-80BD-AB5E156DD070} = {0247AF0C-9670-457F-80BD-AB5E156DD070}
	EndProjectSection
EndProject
Project("{8BC9CEB8-8B4A-11D0-8D11-00A0C91BC942}") = "Plaza2Utils", "Plaza2Utils\Plaza2Utils.vcxproj", "{DEE594DA-8B0A-4BFF-873B-F2588B9D5EF9}"
	ProjectSection(ProjectDependencies) = postProject
		{0247AF0C-9670-457F-80BD-AB5E156DD070} = {0247AF0C-9670-457F-80BD-AB5E156DD070}
	EndProjectSection
EndProject
Project("{8BC9CEB8-8B4A-11D0-8D11-00A0C91BC942}") = "ASTSConnector_Tester", "ASTSConnector_Tester\ASTSConnector_Tester.vcxproj", "{22509807-C648-47BE-948B-DEA3D73ED24B}"
	ProjectSection(ProjectDependencies) = postProject
		{354364F8-85EF-4388-9397-B0D032BAA3A4} = {354364F8-85EF-4388-9397-B0D032BAA3A4}
	EndProjectSection
EndProject
Project("{8BC9CEB8-8B4A-11D0-8D11-00A0C91BC942}") = "Algovisor", "Algovisor\Algovisor.vcxproj", "{87CF2619-722B-4A72-A2B0-98ED01998D58}"
	ProjectSection(ProjectDependencies) = postProject
		{0247AF0C-9670-457F-80BD-AB5E156DD070} = {0247AF0C-9670-457F-80BD-AB5E156DD070}
		{0F266F5F-F501-472B-B3B3-60FA3664E350} = {0F266F5F-F501-472B-B3B3-60FA3664E350}
		{DEE594DA-8B0A-4BFF-873B-F2588B9D5EF9} = {DEE594DA-8B0A-4BFF-873B-F2588B9D5EF9}
	EndProjectSection
EndProject
Project("{8BC9CEB8-8B4A-11D0-8D11-00A0C91BC942}") = "DataAnalyser", "DataAnalyser\DataAnalyser.vcxproj", "{09783B9E-0BC7-4E7E-B4EE-CB9730265F7B}"
	ProjectSection(ProjectDependencies) = postProject
		{DEE594DA-8B0A-4BFF-873B-F2588B9D5EF9} = {DEE594DA-8B0A-4BFF-873B-F2588B9D5EF9}
	EndProjectSection
EndProject
Global
	GlobalSection(SolutionConfigurationPlatforms) = preSolution
		Debug|Mixed Platforms = Debug|Mixed Platforms
		Debug|Win32 = Debug|Win32
		Debug|x64 = Debug|x64
		demo Debug|Mixed Platforms = demo Debug|Mixed Platforms
		demo Debug|Win32 = demo Debug|Win32
		demo Debug|x64 = demo Debug|x64
		demo Release|Mixed Platforms = demo Release|Mixed Platforms
		demo Release|Win32 = demo Release|Win32
		demo Release|x64 = demo Release|x64
		Full Debug|Mixed Platforms = Full Debug|Mixed Platforms
		Full Debug|Win32 = Full Debug|Win32
		Full Debug|x64 = Full Debug|x64
		Full Release|Mixed Platforms = Full Release|Mixed Platforms
		Full Release|Win32 = Full Release|Win32
		Full Release|x64 = Full Release|x64
		Release LIB|Mixed Platforms = Release LIB|Mixed Platforms
		Release LIB|Win32 = Release LIB|Win32
		Release LIB|x64 = Release LIB|x64
		Release|Mixed Platforms = Release|Mixed Platforms
		Release|Win32 = Release|Win32
		Release|x64 = Release|x64
	EndGlobalSection
	GlobalSection(ProjectConfigurationPlatforms) = postSolution
		{26099036-5B91-41A1-A298-0585EEE3F2AF}.Debug|Mixed Platforms.ActiveCfg = Debug|Win32
		{26099036-5B91-41A1-A298-0585EEE3F2AF}.Debug|Mixed Platforms.Build.0 = Debug|Win32
		{26099036-5B91-41A1-A298-0585EEE3F2AF}.Debug|Win32.ActiveCfg = Debug|Win32
		{26099036-5B91-41A1-A298-0585EEE3F2AF}.Debug|Win32.Build.0 = Debug|Win32
		{26099036-5B91-41A1-A298-0585EEE3F2AF}.Debug|x64.ActiveCfg = Debug|Win32
		{26099036-5B91-41A1-A298-0585EEE3F2AF}.demo Debug|Mixed Platforms.ActiveCfg = Debug|Win32
		{26099036-5B91-41A1-A298-0585EEE3F2AF}.demo Debug|Mixed Platforms.Build.0 = Debug|Win32
		{26099036-5B91-41A1-A298-0585EEE3F2AF}.demo Debug|Win32.ActiveCfg = Debug|Win32
		{26099036-5B91-41A1-A298-0585EEE3F2AF}.demo Debug|Win32.Build.0 = Debug|Win32
		{26099036-5B91-41A1-A298-0585EEE3F2AF}.demo Debug|x64.ActiveCfg = Debug|Win32
		{26099036-5B91-41A1-A298-0585EEE3F2AF}.demo Release|Mixed Platforms.ActiveCfg = Release|Win32
		{26099036-5B91-41A1-A298-0585EEE3F2AF}.demo Release|Mixed Platforms.Build.0 = Release|Win32
		{26099036-5B91-41A1-A298-0585EEE3F2AF}.demo Release|Win32.ActiveCfg = Release|Win32
		{26099036-5B91-41A1-A298-0585EEE3F2AF}.demo Release|Win32.Build.0 = Release|Win32
		{26099036-5B91-41A1-A298-0585EEE3F2AF}.demo Release|x64.ActiveCfg = Release|Win32
		{26099036-5B91-41A1-A298-0585EEE3F2AF}.Full Debug|Mixed Platforms.ActiveCfg = Full Debug|Win32
		{26099036-5B91-41A1-A298-0585EEE3F2AF}.Full Debug|Mixed Platforms.Build.0 = Full Debug|Win32
		{26099036-5B91-41A1-A298-0585EEE3F2AF}.Full Debug|Win32.ActiveCfg = Full Debug|Win32
		{26099036-5B91-41A1-A298-0585EEE3F2AF}.Full Debug|Win32.Build.0 = Full Debug|Win32
		{26099036-5B91-41A1-A298-0585EEE3F2AF}.Full Debug|x64.ActiveCfg = Full Debug|Win32
		{26099036-5B91-41A1-A298-0585EEE3F2AF}.Full Release|Mixed Platforms.ActiveCfg = Full Release|Win32
		{26099036-5B91-41A1-A298-0585EEE3F2AF}.Full Release|Mixed Platforms.Build.0 = Full Release|Win32
		{26099036-5B91-41A1-A298-0585EEE3F2AF}.Full Release|Win32.ActiveCfg = Full Release|Win32
		{26099036-5B91-41A1-A298-0585EEE3F2AF}.Full Release|Win32.Build.0 = Full Release|Win32
		{26099036-5B91-41A1-A298-0585EEE3F2AF}.Full Release|x64.ActiveCfg = Full Release|Win32
		{26099036-5B91-41A1-A298-0585EEE3F2AF}.Release LIB|Mixed Platforms.ActiveCfg = Release|Win32
		{26099036-5B91-41A1-A298-0585EEE3F2AF}.Release LIB|Mixed Platforms.Build.0 = Release|Win32
		{26099036-5B91-41A1-A298-0585EEE3F2AF}.Release LIB|Win32.ActiveCfg = Release|Win32
		{26099036-5B91-41A1-A298-0585EEE3F2AF}.Release LIB|Win32.Build.0 = Release|Win32
		{26099036-5B91-41A1-A298-0585EEE3F2AF}.Release LIB|x64.ActiveCfg = Release|Win32
		{26099036-5B91-41A1-A298-0585EEE3F2AF}.Release|Mixed Platforms.ActiveCfg = Release|Win32
		{26099036-5B91-41A1-A298-0585EEE3F2AF}.Release|Mixed Platforms.Build.0 = Release|Win32
		{26099036-5B91-41A1-A298-0585EEE3F2AF}.Release|Win32.ActiveCfg = Release|Win32
		{26099036-5B91-41A1-A298-0585EEE3F2AF}.Release|Win32.Build.0 = Release|Win32
		{26099036-5B91-41A1-A298-0585EEE3F2AF}.Release|x64.ActiveCfg = Release|Win32
		{1517053B-3D78-425F-A16D-47960A1B9B5E}.Debug|Mixed Platforms.ActiveCfg = Debug|Win32
		{1517053B-3D78-425F-A16D-47960A1B9B5E}.Debug|Mixed Platforms.Build.0 = Debug|Win32
		{1517053B-3D78-425F-A16D-47960A1B9B5E}.Debug|Win32.ActiveCfg = Debug|Win32
		{1517053B-3D78-425F-A16D-47960A1B9B5E}.Debug|Win32.Build.0 = Debug|Win32
		{1517053B-3D78-425F-A16D-47960A1B9B5E}.Debug|x64.ActiveCfg = Debug|Win32
		{1517053B-3D78-425F-A16D-47960A1B9B5E}.demo Debug|Mixed Platforms.ActiveCfg = Debug|Win32
		{1517053B-3D78-425F-A16D-47960A1B9B5E}.demo Debug|Mixed Platforms.Build.0 = Debug|Win32
		{1517053B-3D78-425F-A16D-47960A1B9B5E}.demo Debug|Win32.ActiveCfg = Debug|Win32
		{1517053B-3D78-425F-A16D-47960A1B9B5E}.demo Debug|Win32.Build.0 = Debug|Win32
		{1517053B-3D78-425F-A16D-47960A1B9B5E}.demo Debug|x64.ActiveCfg = Debug|Win32
		{1517053B-3D78-425F-A16D-47960A1B9B5E}.demo Release|Mixed Platforms.ActiveCfg = Release|Win32
		{1517053B-3D78-425F-A16D-47960A1B9B5E}.demo Release|Mixed Platforms.Build.0 = Release|Win32
		{1517053B-3D78-425F-A16D-47960A1B9B5E}.demo Release|Win32.ActiveCfg = Release|Win32
		{1517053B-3D78-425F-A16D-47960A1B9B5E}.demo Release|Win32.Build.0 = Release|Win32
		{1517053B-3D78-425F-A16D-47960A1B9B5E}.demo Release|x64.ActiveCfg = Release|Win32
		{1517053B-3D78-425F-A16D-47960A1B9B5E}.Full Debug|Mixed Platforms.ActiveCfg = Debug|Win32
		{1517053B-3D78-425F-A16D-47960A1B9B5E}.Full Debug|Mixed Platforms.Build.0 = Debug|Win32
		{1517053B-3D78-425F-A16D-47960A1B9B5E}.Full Debug|Win32.ActiveCfg = Debug|Win32
		{1517053B-3D78-425F-A16D-47960A1B9B5E}.Full Debug|x64.ActiveCfg = Debug|Win32
		{1517053B-3D78-425F-A16D-47960A1B9B5E}.Full Release|Mixed Platforms.ActiveCfg = Release|Win32
		{1517053B-3D78-425F-A16D-47960A1B9B5E}.Full Release|Mixed Platforms.Build.0 = Release|Win32
		{1517053B-3D78-425F-A16D-47960A1B9B5E}.Full Release|Win32.ActiveCfg = Release|Win32
		{1517053B-3D78-425F-A16D-47960A1B9B5E}.Full Release|x64.ActiveCfg = Release|Win32
		{1517053B-3D78-425F-A16D-47960A1B9B5E}.Release LIB|Mixed Platforms.ActiveCfg = Release|Win32
		{1517053B-3D78-425F-A16D-47960A1B9B5E}.Release LIB|Mixed Platforms.Build.0 = Release|Win32
		{1517053B-3D78-425F-A16D-47960A1B9B5E}.Release LIB|Win32.ActiveCfg = Release|Win32
		{1517053B-3D78-425F-A16D-47960A1B9B5E}.Release LIB|Win32.Build.0 = Release|Win32
		{1517053B-3D78-425F-A16D-47960A1B9B5E}.Release LIB|x64.ActiveCfg = Release|Win32
		{1517053B-3D78-425F-A16D-47960A1B9B5E}.Release|Mixed Platforms.ActiveCfg = Release|Win32
		{1517053B-3D78-425F-A16D-47960A1B9B5E}.Release|Mixed Platforms.Build.0 = Release|Win32
		{1517053B-3D78-425F-A16D-47960A1B9B5E}.Release|Win32.ActiveCfg = Release|Win32
		{1517053B-3D78-425F-A16D-47960A1B9B5E}.Release|Win32.Build.0 = Release|Win32
		{1517053B-3D78-425F-A16D-47960A1B9B5E}.Release|x64.ActiveCfg = Release|Win32
		{B5C7EC14-2D15-4395-8802-7189F03F1A38}.Debug|Mixed Platforms.ActiveCfg = Debug|Win32
		{B5C7EC14-2D15-4395-8802-7189F03F1A38}.Debug|Mixed Platforms.Build.0 = Debug|Win32
		{B5C7EC14-2D15-4395-8802-7189F03F1A38}.Debug|Win32.ActiveCfg = Debug|Win32
		{B5C7EC14-2D15-4395-8802-7189F03F1A38}.Debug|Win32.Build.0 = Debug|Win32
		{B5C7EC14-2D15-4395-8802-7189F03F1A38}.Debug|x64.ActiveCfg = Debug|Win32
		{B5C7EC14-2D15-4395-8802-7189F03F1A38}.demo Debug|Mixed Platforms.ActiveCfg = Debug|Win32
		{B5C7EC14-2D15-4395-8802-7189F03F1A38}.demo Debug|Mixed Platforms.Build.0 = Debug|Win32
		{B5C7EC14-2D15-4395-8802-7189F03F1A38}.demo Debug|Win32.ActiveCfg = Debug|Win32
		{B5C7EC14-2D15-4395-8802-7189F03F1A38}.demo Debug|Win32.Build.0 = Debug|Win32
		{B5C7EC14-2D15-4395-8802-7189F03F1A38}.demo Debug|x64.ActiveCfg = Debug|Win32
		{B5C7EC14-2D15-4395-8802-7189F03F1A38}.demo Release|Mixed Platforms.ActiveCfg = Release|Win32
		{B5C7EC14-2D15-4395-8802-7189F03F1A38}.demo Release|Mixed Platforms.Build.0 = Release|Win32
		{B5C7EC14-2D15-4395-8802-7189F03F1A38}.demo Release|Win32.ActiveCfg = Release|Win32
		{B5C7EC14-2D15-4395-8802-7189F03F1A38}.demo Release|Win32.Build.0 = Release|Win32
		{B5C7EC14-2D15-4395-8802-7189F03F1A38}.demo Release|x64.ActiveCfg = Release|Win32
		{B5C7EC14-2D15-4395-8802-7189F03F1A38}.Full Debug|Mixed Platforms.ActiveCfg = Debug|Win32
		{B5C7EC14-2D15-4395-8802-7189F03F1A38}.Full Debug|Mixed Platforms.Build.0 = Debug|Win32
		{B5C7EC14-2D15-4395-8802-7189F03F1A38}.Full Debug|Win32.ActiveCfg = Debug|Win32
		{B5C7EC14-2D15-4395-8802-7189F03F1A38}.Full Debug|Win32.Build.0 = Debug|Win32
		{B5C7EC14-2D15-4395-8802-7189F03F1A38}.Full Debug|x64.ActiveCfg = Debug|Win32
		{B5C7EC14-2D15-4395-8802-7189F03F1A38}.Full Release|Mixed Platforms.ActiveCfg = Release|Win32
		{B5C7EC14-2D15-4395-8802-7189F03F1A38}.Full Release|Mixed Platforms.Build.0 = Release|Win32
		{B5C7EC14-2D15-4395-8802-7189F03F1A38}.Full Release|Win32.ActiveCfg = Release|Win32
		{B5C7EC14-2D15-4395-8802-7189F03F1A38}.Full Release|Win32.Build.0 = Release|Win32
		{B5C7EC14-2D15-4395-8802-7189F03F1A38}.Full Release|x64.ActiveCfg = Release|Win32
		{B5C7EC14-2D15-4395-8802-7189F03F1A38}.Release LIB|Mixed Platforms.ActiveCfg = Release|Win32
		{B5C7EC14-2D15-4395-8802-7189F03F1A38}.Release LIB|Mixed Platforms.Build.0 = Release|Win32
		{B5C7EC14-2D15-4395-8802-7189F03F1A38}.Release LIB|Win32.ActiveCfg = Release|Win32
		{B5C7EC14-2D15-4395-8802-7189F03F1A38}.Release LIB|Win32.Build.0 = Release|Win32
		{B5C7EC14-2D15-4395-8802-7189F03F1A38}.Release LIB|x64.ActiveCfg = Release|Win32
		{B5C7EC14-2D15-4395-8802-7189F03F1A38}.Release|Mixed Platforms.ActiveCfg = Release|Win32
		{B5C7EC14-2D15-4395-8802-7189F03F1A38}.Release|Mixed Platforms.Build.0 = Release|Win32
		{B5C7EC14-2D15-4395-8802-7189F03F1A38}.Release|Win32.ActiveCfg = Release|Win32
		{B5C7EC14-2D15-4395-8802-7189F03F1A38}.Release|Win32.Build.0 = Release|Win32
		{B5C7EC14-2D15-4395-8802-7189F03F1A38}.Release|x64.ActiveCfg = Release|Win32
		{0F266F5F-F501-472B-B3B3-60FA3664E350}.Debug|Mixed Platforms.ActiveCfg = Debug|Win32
		{0F266F5F-F501-472B-B3B3-60FA3664E350}.Debug|Mixed Platforms.Build.0 = Debug|Win32
		{0F266F5F-F501-472B-B3B3-60FA3664E350}.Debug|Win32.ActiveCfg = Debug|Win32
		{0F266F5F-F501-472B-B3B3-60FA3664E350}.Debug|Win32.Build.0 = Debug|Win32
		{0F266F5F-F501-472B-B3B3-60FA3664E350}.Debug|x64.ActiveCfg = Debug|x64
		{0F266F5F-F501-472B-B3B3-60FA3664E350}.Debug|x64.Build.0 = Debug|x64
		{0F266F5F-F501-472B-B3B3-60FA3664E350}.demo Debug|Mixed Platforms.ActiveCfg = Debug|Win32
		{0F266F5F-F501-472B-B3B3-60FA3664E350}.demo Debug|Mixed Platforms.Build.0 = Debug|Win32
		{0F266F5F-F501-472B-B3B3-60FA3664E350}.demo Debug|Win32.ActiveCfg = Debug|Win32
		{0F266F5F-F501-472B-B3B3-60FA3664E350}.demo Debug|Win32.Build.0 = Debug|Win32
		{0F266F5F-F501-472B-B3B3-60FA3664E350}.demo Debug|x64.ActiveCfg = Debug|x64
		{0F266F5F-F501-472B-B3B3-60FA3664E350}.demo Debug|x64.Build.0 = Debug|x64
		{0F266F5F-F501-472B-B3B3-60FA3664E350}.demo Release|Mixed Platforms.ActiveCfg = Release|Win32
		{0F266F5F-F501-472B-B3B3-60FA3664E350}.demo Release|Mixed Platforms.Build.0 = Release|Win32
		{0F266F5F-F501-472B-B3B3-60FA3664E350}.demo Release|Win32.ActiveCfg = Release|Win32
		{0F266F5F-F501-472B-B3B3-60FA3664E350}.demo Release|Win32.Build.0 = Release|Win32
		{0F266F5F-F501-472B-B3B3-60FA3664E350}.demo Release|x64.ActiveCfg = Release|x64
		{0F266F5F-F501-472B-B3B3-60FA3664E350}.demo Release|x64.Build.0 = Release|x64
		{0F266F5F-F501-472B-B3B3-60FA3664E350}.Full Debug|Mixed Platforms.ActiveCfg = Debug|Win32
		{0F266F5F-F501-472B-B3B3-60FA3664E350}.Full Debug|Mixed Platforms.Build.0 = Debug|Win32
		{0F266F5F-F501-472B-B3B3-60FA3664E350}.Full Debug|Win32.ActiveCfg = Debug|Win32
		{0F266F5F-F501-472B-B3B3-60FA3664E350}.Full Debug|Win32.Build.0 = Debug|Win32
		{0F266F5F-F501-472B-B3B3-60FA3664E350}.Full Debug|x64.ActiveCfg = Debug|x64
		{0F266F5F-F501-472B-B3B3-60FA3664E350}.Full Debug|x64.Build.0 = Debug|x64
		{0F266F5F-F501-472B-B3B3-60FA3664E350}.Full Release|Mixed Platforms.ActiveCfg = Release|Win32
		{0F266F5F-F501-472B-B3B3-60FA3664E350}.Full Release|Mixed Platforms.Build.0 = Release|Win32
		{0F266F5F-F501-472B-B3B3-60FA3664E350}.Full Release|Win32.ActiveCfg = Release|Win32
		{0F266F5F-F501-472B-B3B3-60FA3664E350}.Full Release|Win32.Build.0 = Release|Win32
		{0F266F5F-F501-472B-B3B3-60FA3664E350}.Full Release|x64.ActiveCfg = Release|x64
		{0F266F5F-F501-472B-B3B3-60FA3664E350}.Full Release|x64.Build.0 = Release|x64
		{0F266F5F-F501-472B-B3B3-60FA3664E350}.Release LIB|Mixed Platforms.ActiveCfg = Release|Win32
		{0F266F5F-F501-472B-B3B3-60FA3664E350}.Release LIB|Mixed Platforms.Build.0 = Release|Win32
		{0F266F5F-F501-472B-B3B3-60FA3664E350}.Release LIB|Win32.ActiveCfg = Release|Win32
		{0F266F5F-F501-472B-B3B3-60FA3664E350}.Release LIB|Win32.Build.0 = Release|Win32
		{0F266F5F-F501-472B-B3B3-60FA3664E350}.Release LIB|x64.ActiveCfg = Release|x64
		{0F266F5F-F501-472B-B3B3-60FA3664E350}.Release LIB|x64.Build.0 = Release|x64
		{0F266F5F-F501-472B-B3B3-60FA3664E350}.Release|Mixed Platforms.ActiveCfg = Release|Win32
		{0F266F5F-F501-472B-B3B3-60FA3664E350}.Release|Mixed Platforms.Build.0 = Release|Win32
		{0F266F5F-F501-472B-B3B3-60FA3664E350}.Release|Win32.ActiveCfg = Release|Win32
		{0F266F5F-F501-472B-B3B3-60FA3664E350}.Release|Win32.Build.0 = Release|Win32
		{0F266F5F-F501-472B-B3B3-60FA3664E350}.Release|x64.ActiveCfg = Release|x64
		{0F266F5F-F501-472B-B3B3-60FA3664E350}.Release|x64.Build.0 = Release|x64
		{E941237D-1441-4BE3-81DF-E21C956BCB1E}.Debug|Mixed Platforms.ActiveCfg = Debug|Win32
		{E941237D-1441-4BE3-81DF-E21C956BCB1E}.Debug|Mixed Platforms.Build.0 = Debug|Win32
		{E941237D-1441-4BE3-81DF-E21C956BCB1E}.Debug|Win32.ActiveCfg = Debug|Win32
		{E941237D-1441-4BE3-81DF-E21C956BCB1E}.Debug|Win32.Build.0 = Debug|Win32
		{E941237D-1441-4BE3-81DF-E21C956BCB1E}.Debug|x64.ActiveCfg = Debug|x64
		{E941237D-1441-4BE3-81DF-E21C956BCB1E}.Debug|x64.Build.0 = Debug|x64
		{E941237D-1441-4BE3-81DF-E21C956BCB1E}.demo Debug|Mixed Platforms.ActiveCfg = Debug|Win32
		{E941237D-1441-4BE3-81DF-E21C956BCB1E}.demo Debug|Mixed Platforms.Build.0 = Debug|Win32
		{E941237D-1441-4BE3-81DF-E21C956BCB1E}.demo Debug|Win32.ActiveCfg = Debug|Win32
		{E941237D-1441-4BE3-81DF-E21C956BCB1E}.demo Debug|Win32.Build.0 = Debug|Win32
		{E941237D-1441-4BE3-81DF-E21C956BCB1E}.demo Debug|x64.ActiveCfg = Debug|x64
		{E941237D-1441-4BE3-81DF-E21C956BCB1E}.demo Release|Mixed Platforms.ActiveCfg = Release|Win32
		{E941237D-1441-4BE3-81DF-E21C956BCB1E}.demo Release|Mixed Platforms.Build.0 = Release|Win32
		{E941237D-1441-4BE3-81DF-E21C956BCB1E}.demo Release|Win32.ActiveCfg = Release|Win32
		{E941237D-1441-4BE3-81DF-E21C956BCB1E}.demo Release|Win32.Build.0 = Release|Win32
		{E941237D-1441-4BE3-81DF-E21C956BCB1E}.demo Release|x64.ActiveCfg = Release|x64
		{E941237D-1441-4BE3-81DF-E21C956BCB1E}.Full Debug|Mixed Platforms.ActiveCfg = Debug|Win32
		{E941237D-1441-4BE3-81DF-E21C956BCB1E}.Full Debug|Mixed Platforms.Build.0 = Debug|Win32
		{E941237D-1441-4BE3-81DF-E21C956BCB1E}.Full Debug|Win32.ActiveCfg = Debug|Win32
		{E941237D-1441-4BE3-81DF-E21C956BCB1E}.Full Debug|Win32.Build.0 = Debug|Win32
		{E941237D-1441-4BE3-81DF-E21C956BCB1E}.Full Debug|x64.ActiveCfg = Debug|x64
		{E941237D-1441-4BE3-81DF-E21C956BCB1E}.Full Debug|x64.Build.0 = Debug|x64
		{E941237D-1441-4BE3-81DF-E21C956BCB1E}.Full Release|Mixed Platforms.ActiveCfg = Release|Win32
		{E941237D-1441-4BE3-81DF-E21C956BCB1E}.Full Release|Mixed Platforms.Build.0 = Release|Win32
		{E941237D-1441-4BE3-81DF-E21C956BCB1E}.Full Release|Win32.ActiveCfg = Release|Win32
		{E941237D-1441-4BE3-81DF-E21C956BCB1E}.Full Release|Win32.Build.0 = Release|Win32
		{E941237D-1441-4BE3-81DF-E21C956BCB1E}.Full Release|x64.ActiveCfg = Release|x64
		{E941237D-1441-4BE3-81DF-E21C956BCB1E}.Full Release|x64.Build.0 = Release|x64
		{E941237D-1441-4BE3-81DF-E21C956BCB1E}.Release LIB|Mixed Platforms.ActiveCfg = Release|Win32
		{E941237D-1441-4BE3-81DF-E21C956BCB1E}.Release LIB|Mixed Platforms.Build.0 = Release|Win32
		{E941237D-1441-4BE3-81DF-E21C956BCB1E}.Release LIB|Win32.ActiveCfg = Release|Win32
		{E941237D-1441-4BE3-81DF-E21C956BCB1E}.Release LIB|Win32.Build.0 = Release|Win32
		{E941237D-1441-4BE3-81DF-E21C956BCB1E}.Release LIB|x64.ActiveCfg = Release|x64
		{E941237D-1441-4BE3-81DF-E21C956BCB1E}.Release LIB|x64.Build.0 = Release|x64
		{E941237D-1441-4BE3-81DF-E21C956BCB1E}.Release|Mixed Platforms.ActiveCfg = Release|Win32
		{E941237D-1441-4BE3-81DF-E21C956BCB1E}.Release|Mixed Platforms.Build.0 = Release|Win32
		{E941237D-1441-4BE3-81DF-E21C956BCB1E}.Release|Win32.ActiveCfg = Release|Win32
		{E941237D-1441-4BE3-81DF-E21C956BCB1E}.Release|Win32.Build.0 = Release|Win32
		{E941237D-1441-4BE3-81DF-E21C956BCB1E}.Release|x64.ActiveCfg = Release|x64
		{E941237D-1441-4BE3-81DF-E21C956BCB1E}.Release|x64.Build.0 = Release|x64
		{98ACA150-5596-4B51-A54E-C84881D34799}.Debug|Mixed Platforms.ActiveCfg = Debug|x64
		{98ACA150-5596-4B51-A54E-C84881D34799}.Debug|Mixed Platforms.Build.0 = Debug|x64
		{98ACA150-5596-4B51-A54E-C84881D34799}.Debug|Win32.ActiveCfg = Debug|x64
		{98ACA150-5596-4B51-A54E-C84881D34799}.Debug|x64.ActiveCfg = Debug|x64
		{98ACA150-5596-4B51-A54E-C84881D34799}.demo Debug|Mixed Platforms.ActiveCfg = Debug|x64
		{98ACA150-5596-4B51-A54E-C84881D34799}.demo Debug|Mixed Platforms.Build.0 = Debug|x64
		{98ACA150-5596-4B51-A54E-C84881D34799}.demo Debug|Win32.ActiveCfg = Release|x64
		{98ACA150-5596-4B51-A54E-C84881D34799}.demo Debug|Win32.Build.0 = Release|x64
		{98ACA150-5596-4B51-A54E-C84881D34799}.demo Debug|x64.ActiveCfg = Debug|x64
		{98ACA150-5596-4B51-A54E-C84881D34799}.demo Debug|x64.Build.0 = Debug|x64
		{98ACA150-5596-4B51-A54E-C84881D34799}.demo Release|Mixed Platforms.ActiveCfg = Release|x64
		{98ACA150-5596-4B51-A54E-C84881D34799}.demo Release|Mixed Platforms.Build.0 = Release|x64
		{98ACA150-5596-4B51-A54E-C84881D34799}.demo Release|Win32.ActiveCfg = Release|x64
		{98ACA150-5596-4B51-A54E-C84881D34799}.demo Release|Win32.Build.0 = Release|x64
		{98ACA150-5596-4B51-A54E-C84881D34799}.demo Release|x64.ActiveCfg = Release|x64
		{98ACA150-5596-4B51-A54E-C84881D34799}.demo Release|x64.Build.0 = Release|x64
		{98ACA150-5596-4B51-A54E-C84881D34799}.Full Debug|Mixed Platforms.ActiveCfg = Debug|x64
		{98ACA150-5596-4B51-A54E-C84881D34799}.Full Debug|Mixed Platforms.Build.0 = Debug|x64
		{98ACA150-5596-4B51-A54E-C84881D34799}.Full Debug|Win32.ActiveCfg = Release|x64
		{98ACA150-5596-4B51-A54E-C84881D34799}.Full Debug|Win32.Build.0 = Release|x64
		{98ACA150-5596-4B51-A54E-C84881D34799}.Full Debug|x64.ActiveCfg = Debug|x64
		{98ACA150-5596-4B51-A54E-C84881D34799}.Full Debug|x64.Build.0 = Debug|x64
		{98ACA150-5596-4B51-A54E-C84881D34799}.Full Release|Mixed Platforms.ActiveCfg = Release|x64
		{98ACA150-5596-4B51-A54E-C84881D34799}.Full Release|Mixed Platforms.Build.0 = Release|x64
		{98ACA150-5596-4B51-A54E-C84881D34799}.Full Release|Win32.ActiveCfg = Release|x64
		{98ACA150-5596-4B51-A54E-C84881D34799}.Full Release|Win32.Build.0 = Release|x64
		{98ACA150-5596-4B51-A54E-C84881D34799}.Full Release|x64.ActiveCfg = Release|x64
		{98ACA150-5596-4B51-A54E-C84881D34799}.Full Release|x64.Build.0 = Release|x64
		{98ACA150-5596-4B51-A54E-C84881D34799}.Release LIB|Mixed Platforms.ActiveCfg = Release|x64
		{98ACA150-5596-4B51-A54E-C84881D34799}.Release LIB|Mixed Platforms.Build.0 = Release|x64
		{98ACA150-5596-4B51-A54E-C84881D34799}.Release LIB|Win32.ActiveCfg = Release|x64
		{98ACA150-5596-4B51-A54E-C84881D34799}.Release LIB|Win32.Build.0 = Release|x64
		{98ACA150-5596-4B51-A54E-C84881D34799}.Release LIB|x64.ActiveCfg = Release|x64
		{98ACA150-5596-4B51-A54E-C84881D34799}.Release LIB|x64.Build.0 = Release|x64
		{98ACA150-5596-4B51-A54E-C84881D34799}.Release|Mixed Platforms.ActiveCfg = Release|x64
		{98ACA150-5596-4B51-A54E-C84881D34799}.Release|Mixed Platforms.Build.0 = Release|x64
		{98ACA150-5596-4B51-A54E-C84881D34799}.Release|Win32.ActiveCfg = Release|x64
		{98ACA150-5596-4B51-A54E-C84881D34799}.Release|x64.ActiveCfg = Release|x64
		{98ACA150-5596-4B51-A54E-C84881D34799}.Release|x64.Build.0 = Release|x64
		{0247AF0C-9670-457F-80BD-AB5E156DD070}.Debug|Mixed Platforms.ActiveCfg = Debug|Win32
		{0247AF0C-9670-457F-80BD-AB5E156DD070}.Debug|Mixed Platforms.Build.0 = Debug|Win32
		{0247AF0C-9670-457F-80BD-AB5E156DD070}.Debug|Win32.ActiveCfg = Debug|Win32
		{0247AF0C-9670-457F-80BD-AB5E156DD070}.Debug|Win32.Build.0 = Debug|Win32
		{0247AF0C-9670-457F-80BD-AB5E156DD070}.Debug|x64.ActiveCfg = Debug|x64
		{0247AF0C-9670-457F-80BD-AB5E156DD070}.Debug|x64.Build.0 = Debug|x64
		{0247AF0C-9670-457F-80BD-AB5E156DD070}.demo Debug|Mixed Platforms.ActiveCfg = Debug|Win32
		{0247AF0C-9670-457F-80BD-AB5E156DD070}.demo Debug|Mixed Platforms.Build.0 = Debug|Win32
		{0247AF0C-9670-457F-80BD-AB5E156DD070}.demo Debug|Win32.ActiveCfg = Debug|Win32
		{0247AF0C-9670-457F-80BD-AB5E156DD070}.demo Debug|Win32.Build.0 = Debug|Win32
		{0247AF0C-9670-457F-80BD-AB5E156DD070}.demo Debug|x64.ActiveCfg = Debug|Win32
		{0247AF0C-9670-457F-80BD-AB5E156DD070}.demo Release|Mixed Platforms.ActiveCfg = Release|Win32
		{0247AF0C-9670-457F-80BD-AB5E156DD070}.demo Release|Mixed Platforms.Build.0 = Release|Win32
		{0247AF0C-9670-457F-80BD-AB5E156DD070}.demo Release|Win32.ActiveCfg = Release|Win32
		{0247AF0C-9670-457F-80BD-AB5E156DD070}.demo Release|Win32.Build.0 = Release|Win32
		{0247AF0C-9670-457F-80BD-AB5E156DD070}.demo Release|x64.ActiveCfg = Release|Win32
		{0247AF0C-9670-457F-80BD-AB5E156DD070}.Full Debug|Mixed Platforms.ActiveCfg = Debug|Win32
		{0247AF0C-9670-457F-80BD-AB5E156DD070}.Full Debug|Mixed Platforms.Build.0 = Debug|Win32
		{0247AF0C-9670-457F-80BD-AB5E156DD070}.Full Debug|Win32.ActiveCfg = Debug|Win32
		{0247AF0C-9670-457F-80BD-AB5E156DD070}.Full Debug|Win32.Build.0 = Debug|Win32
		{0247AF0C-9670-457F-80BD-AB5E156DD070}.Full Debug|x64.ActiveCfg = Debug|Win32
		{0247AF0C-9670-457F-80BD-AB5E156DD070}.Full Release|Mixed Platforms.ActiveCfg = Release|Win32
		{0247AF0C-9670-457F-80BD-AB5E156DD070}.Full Release|Mixed Platforms.Build.0 = Release|Win32
		{0247AF0C-9670-457F-80BD-AB5E156DD070}.Full Release|Win32.ActiveCfg = Release|Win32
		{0247AF0C-9670-457F-80BD-AB5E156DD070}.Full Release|Win32.Build.0 = Release|Win32
		{0247AF0C-9670-457F-80BD-AB5E156DD070}.Full Release|x64.ActiveCfg = Release|Win32
		{0247AF0C-9670-457F-80BD-AB5E156DD070}.Release LIB|Mixed Platforms.ActiveCfg = Release|Win32
		{0247AF0C-9670-457F-80BD-AB5E156DD070}.Release LIB|Mixed Platforms.Build.0 = Release|Win32
		{0247AF0C-9670-457F-80BD-AB5E156DD070}.Release LIB|Win32.ActiveCfg = Release|Win32
		{0247AF0C-9670-457F-80BD-AB5E156DD070}.Release LIB|Win32.Build.0 = Release|Win32
		{0247AF0C-9670-457F-80BD-AB5E156DD070}.Release LIB|x64.ActiveCfg = Release|Win32
		{0247AF0C-9670-457F-80BD-AB5E156DD070}.Release|Mixed Platforms.ActiveCfg = Release|Win32
		{0247AF0C-9670-457F-80BD-AB5E156DD070}.Release|Mixed Platforms.Build.0 = Release|Win32
		{0247AF0C-9670-457F-80BD-AB5E156DD070}.Release|Win32.ActiveCfg = Release|Win32
		{0247AF0C-9670-457F-80BD-AB5E156DD070}.Release|Win32.Build.0 = Release|Win32
		{0247AF0C-9670-457F-80BD-AB5E156DD070}.Release|x64.ActiveCfg = Release|x64
		{0247AF0C-9670-457F-80BD-AB5E156DD070}.Release|x64.Build.0 = Release|x64
		{325CF5A0-4732-4EA0-A293-0A5E1C9AB24C}.Debug|Mixed Platforms.ActiveCfg = Debug|Win32
		{325CF5A0-4732-4EA0-A293-0A5E1C9AB24C}.Debug|Mixed Platforms.Build.0 = Debug|Win32
		{325CF5A0-4732-4EA0-A293-0A5E1C9AB24C}.Debug|Win32.ActiveCfg = Debug|Win32
		{325CF5A0-4732-4EA0-A293-0A5E1C9AB24C}.Debug|Win32.Build.0 = Debug|Win32
		{325CF5A0-4732-4EA0-A293-0A5E1C9AB24C}.Debug|x64.ActiveCfg = Debug|x64
		{325CF5A0-4732-4EA0-A293-0A5E1C9AB24C}.Debug|x64.Build.0 = Debug|x64
		{325CF5A0-4732-4EA0-A293-0A5E1C9AB24C}.demo Debug|Mixed Platforms.ActiveCfg = Debug|Win32
		{325CF5A0-4732-4EA0-A293-0A5E1C9AB24C}.demo Debug|Mixed Platforms.Build.0 = Debug|Win32
		{325CF5A0-4732-4EA0-A293-0A5E1C9AB24C}.demo Debug|Win32.ActiveCfg = Debug|Win32
		{325CF5A0-4732-4EA0-A293-0A5E1C9AB24C}.demo Debug|Win32.Build.0 = Debug|Win32
		{325CF5A0-4732-4EA0-A293-0A5E1C9AB24C}.demo Debug|x64.ActiveCfg = Debug|x64
		{325CF5A0-4732-4EA0-A293-0A5E1C9AB24C}.demo Debug|x64.Build.0 = Debug|x64
		{325CF5A0-4732-4EA0-A293-0A5E1C9AB24C}.demo Release|Mixed Platforms.ActiveCfg = Release|Win32
		{325CF5A0-4732-4EA0-A293-0A5E1C9AB24C}.demo Release|Mixed Platforms.Build.0 = Release|Win32
		{325CF5A0-4732-4EA0-A293-0A5E1C9AB24C}.demo Release|Win32.ActiveCfg = Release|Win32
		{325CF5A0-4732-4EA0-A293-0A5E1C9AB24C}.demo Release|Win32.Build.0 = Release|Win32
		{325CF5A0-4732-4EA0-A293-0A5E1C9AB24C}.demo Release|x64.ActiveCfg = Release|x64
		{325CF5A0-4732-4EA0-A293-0A5E1C9AB24C}.demo Release|x64.Build.0 = Release|x64
		{325CF5A0-4732-4EA0-A293-0A5E1C9AB24C}.Full Debug|Mixed Platforms.ActiveCfg = Debug|Win32
		{325CF5A0-4732-4EA0-A293-0A5E1C9AB24C}.Full Debug|Mixed Platforms.Build.0 = Debug|Win32
		{325CF5A0-4732-4EA0-A293-0A5E1C9AB24C}.Full Debug|Win32.ActiveCfg = Debug|Win32
		{325CF5A0-4732-4EA0-A293-0A5E1C9AB24C}.Full Debug|Win32.Build.0 = Debug|Win32
		{325CF5A0-4732-4EA0-A293-0A5E1C9AB24C}.Full Debug|x64.ActiveCfg = Debug|x64
		{325CF5A0-4732-4EA0-A293-0A5E1C9AB24C}.Full Debug|x64.Build.0 = Debug|x64
		{325CF5A0-4732-4EA0-A293-0A5E1C9AB24C}.Full Release|Mixed Platforms.ActiveCfg = Release|Win32
		{325CF5A0-4732-4EA0-A293-0A5E1C9AB24C}.Full Release|Mixed Platforms.Build.0 = Release|Win32
		{325CF5A0-4732-4EA0-A293-0A5E1C9AB24C}.Full Release|Win32.ActiveCfg = Release|Win32
		{325CF5A0-4732-4EA0-A293-0A5E1C9AB24C}.Full Release|Win32.Build.0 = Release|Win32
		{325CF5A0-4732-4EA0-A293-0A5E1C9AB24C}.Full Release|x64.ActiveCfg = Release|x64
		{325CF5A0-4732-4EA0-A293-0A5E1C9AB24C}.Full Release|x64.Build.0 = Release|x64
		{325CF5A0-4732-4EA0-A293-0A5E1C9AB24C}.Release LIB|Mixed Platforms.ActiveCfg = Release|Win32
		{325CF5A0-4732-4EA0-A293-0A5E1C9AB24C}.Release LIB|Mixed Platforms.Build.0 = Release|Win32
		{325CF5A0-4732-4EA0-A293-0A5E1C9AB24C}.Release LIB|Win32.ActiveCfg = Release|Win32
		{325CF5A0-4732-4EA0-A293-0A5E1C9AB24C}.Release LIB|Win32.Build.0 = Release|Win32
		{325CF5A0-4732-4EA0-A293-0A5E1C9AB24C}.Release LIB|x64.ActiveCfg = Release|x64
		{325CF5A0-4732-4EA0-A293-0A5E1C9AB24C}.Release LIB|x64.Build.0 = Release|x64
		{325CF5A0-4732-4EA0-A293-0A5E1C9AB24C}.Release|Mixed Platforms.ActiveCfg = Release|Win32
		{325CF5A0-4732-4EA0-A293-0A5E1C9AB24C}.Release|Mixed Platforms.Build.0 = Release|Win32
		{325CF5A0-4732-4EA0-A293-0A5E1C9AB24C}.Release|Win32.ActiveCfg = Release|Win32
		{325CF5A0-4732-4EA0-A293-0A5E1C9AB24C}.Release|Win32.Build.0 = Release|Win32
		{325CF5A0-4732-4EA0-A293-0A5E1C9AB24C}.Release|x64.ActiveCfg = Release|x64
		{354364F8-85EF-4388-9397-B0D032BAA3A4}.Debug|Mixed Platforms.ActiveCfg = Debug|Win32
		{354364F8-85EF-4388-9397-B0D032BAA3A4}.Debug|Mixed Platforms.Build.0 = Debug|Win32
		{354364F8-85EF-4388-9397-B0D032BAA3A4}.Debug|Win32.ActiveCfg = Debug|Win32
		{354364F8-85EF-4388-9397-B0D032BAA3A4}.Debug|Win32.Build.0 = Debug|Win32
		{354364F8-85EF-4388-9397-B0D032BAA3A4}.Debug|x64.ActiveCfg = Debug|x64
		{354364F8-85EF-4388-9397-B0D032BAA3A4}.Debug|x64.Build.0 = Debug|x64
		{354364F8-85EF-4388-9397-B0D032BAA3A4}.demo Debug|Mixed Platforms.ActiveCfg = Debug|Win32
		{354364F8-85EF-4388-9397-B0D032BAA3A4}.demo Debug|Mixed Platforms.Build.0 = Debug|Win32
		{354364F8-85EF-4388-9397-B0D032BAA3A4}.demo Debug|Win32.ActiveCfg = Debug|Win32
		{354364F8-85EF-4388-9397-B0D032BAA3A4}.demo Debug|Win32.Build.0 = Debug|Win32
		{354364F8-85EF-4388-9397-B0D032BAA3A4}.demo Debug|x64.ActiveCfg = Debug|Win32
		{354364F8-85EF-4388-9397-B0D032BAA3A4}.demo Release|Mixed Platforms.ActiveCfg = Release|Win32
		{354364F8-85EF-4388-9397-B0D032BAA3A4}.demo Release|Mixed Platforms.Build.0 = Release|Win32
		{354364F8-85EF-4388-9397-B0D032BAA3A4}.demo Release|Win32.ActiveCfg = Release|Win32
		{354364F8-85EF-4388-9397-B0D032BAA3A4}.demo Release|Win32.Build.0 = Release|Win32
		{354364F8-85EF-4388-9397-B0D032BAA3A4}.demo Release|x64.ActiveCfg = Release|Win32
		{354364F8-85EF-4388-9397-B0D032BAA3A4}.Full Debug|Mixed Platforms.ActiveCfg = Debug|Win32
		{354364F8-85EF-4388-9397-B0D032BAA3A4}.Full Debug|Mixed Platforms.Build.0 = Debug|Win32
		{354364F8-85EF-4388-9397-B0D032BAA3A4}.Full Debug|Win32.ActiveCfg = Debug|Win32
		{354364F8-85EF-4388-9397-B0D032BAA3A4}.Full Debug|Win32.Build.0 = Debug|Win32
		{354364F8-85EF-4388-9397-B0D032BAA3A4}.Full Debug|x64.ActiveCfg = Debug|Win32
		{354364F8-85EF-4388-9397-B0D032BAA3A4}.Full Release|Mixed Platforms.ActiveCfg = Release|Win32
		{354364F8-85EF-4388-9397-B0D032BAA3A4}.Full Release|Mixed Platforms.Build.0 = Release|Win32
		{354364F8-85EF-4388-9397-B0D032BAA3A4}.Full Release|Win32.ActiveCfg = Release|Win32
		{354364F8-85EF-4388-9397-B0D032BAA3A4}.Full Release|Win32.Build.0 = Release|Win32
		{354364F8-85EF-4388-9397-B0D032BAA3A4}.Full Release|x64.ActiveCfg = Release|Win32
		{354364F8-85EF-4388-9397-B0D032BAA3A4}.Release LIB|Mixed Platforms.ActiveCfg = Release|Win32
		{354364F8-85EF-4388-9397-B0D032BAA3A4}.Release LIB|Mixed Platforms.Build.0 = Release|Win32
		{354364F8-85EF-4388-9397-B0D032BAA3A4}.Release LIB|Win32.ActiveCfg = Release|Win32
		{354364F8-85EF-4388-9397-B0D032BAA3A4}.Release LIB|Win32.Build.0 = Release|Win32
		{354364F8-85EF-4388-9397-B0D032BAA3A4}.Release LIB|x64.ActiveCfg = Release|Win32
		{354364F8-85EF-4388-9397-B0D032BAA3A4}.Release|Mixed Platforms.ActiveCfg = Release|Win32
		{354364F8-85EF-4388-9397-B0D032BAA3A4}.Release|Mixed Platforms.Build.0 = Release|Win32
		{354364F8-85EF-4388-9397-B0D032BAA3A4}.Release|Win32.ActiveCfg = Release|Win32
		{354364F8-85EF-4388-9397-B0D032BAA3A4}.Release|Win32.Build.0 = Release|Win32
		{354364F8-85EF-4388-9397-B0D032BAA3A4}.Release|x64.ActiveCfg = Release|x64
		{354364F8-85EF-4388-9397-B0D032BAA3A4}.Release|x64.Build.0 = Release|x64
		{DEE594DA-8B0A-4BFF-873B-F2588B9D5EF9}.Debug|Mixed Platforms.ActiveCfg = Debug|Win32
		{DEE594DA-8B0A-4BFF-873B-F2588B9D5EF9}.Debug|Mixed Platforms.Build.0 = Debug|Win32
		{DEE594DA-8B0A-4BFF-873B-F2588B9D5EF9}.Debug|Win32.ActiveCfg = Debug|Win32
		{DEE594DA-8B0A-4BFF-873B-F2588B9D5EF9}.Debug|Win32.Build.0 = Debug|Win32
		{DEE594DA-8B0A-4BFF-873B-F2588B9D5EF9}.Debug|x64.ActiveCfg = Debug|x64
		{DEE594DA-8B0A-4BFF-873B-F2588B9D5EF9}.Debug|x64.Build.0 = Debug|x64
		{DEE594DA-8B0A-4BFF-873B-F2588B9D5EF9}.demo Debug|Mixed Platforms.ActiveCfg = Debug|Win32
		{DEE594DA-8B0A-4BFF-873B-F2588B9D5EF9}.demo Debug|Mixed Platforms.Build.0 = Debug|Win32
		{DEE594DA-8B0A-4BFF-873B-F2588B9D5EF9}.demo Debug|Win32.ActiveCfg = Debug|Win32
		{DEE594DA-8B0A-4BFF-873B-F2588B9D5EF9}.demo Debug|Win32.Build.0 = Debug|Win32
		{DEE594DA-8B0A-4BFF-873B-F2588B9D5EF9}.demo Debug|x64.ActiveCfg = Debug|Win32
		{DEE594DA-8B0A-4BFF-873B-F2588B9D5EF9}.demo Release|Mixed Platforms.ActiveCfg = Release|Win32
		{DEE594DA-8B0A-4BFF-873B-F2588B9D5EF9}.demo Release|Mixed Platforms.Build.0 = Release|Win32
		{DEE594DA-8B0A-4BFF-873B-F2588B9D5EF9}.demo Release|Win32.ActiveCfg = Release|Win32
		{DEE594DA-8B0A-4BFF-873B-F2588B9D5EF9}.demo Release|Win32.Build.0 = Release|Win32
		{DEE594DA-8B0A-4BFF-873B-F2588B9D5EF9}.demo Release|x64.ActiveCfg = Release|Win32
		{DEE594DA-8B0A-4BFF-873B-F2588B9D5EF9}.Full Debug|Mixed Platforms.ActiveCfg = Debug|Win32
		{DEE594DA-8B0A-4BFF-873B-F2588B9D5EF9}.Full Debug|Mixed Platforms.Build.0 = Debug|Win32
		{DEE594DA-8B0A-4BFF-873B-F2588B9D5EF9}.Full Debug|Win32.ActiveCfg = Debug|Win32
		{DEE594DA-8B0A-4BFF-873B-F2588B9D5EF9}.Full Debug|Win32.Build.0 = Debug|Win32
		{DEE594DA-8B0A-4BFF-873B-F2588B9D5EF9}.Full Debug|x64.ActiveCfg = Debug|Win32
		{DEE594DA-8B0A-4BFF-873B-F2588B9D5EF9}.Full Release|Mixed Platforms.ActiveCfg = Release|Win32
		{DEE594DA-8B0A-4BFF-873B-F2588B9D5EF9}.Full Release|Mixed Platforms.Build.0 = Release|Win32
		{DEE594DA-8B0A-4BFF-873B-F2588B9D5EF9}.Full Release|Win32.ActiveCfg = Release|Win32
		{DEE594DA-8B0A-4BFF-873B-F2588B9D5EF9}.Full Release|Win32.Build.0 = Release|Win32
		{DEE594DA-8B0A-4BFF-873B-F2588B9D5EF9}.Full Release|x64.ActiveCfg = Release|Win32
		{DEE594DA-8B0A-4BFF-873B-F2588B9D5EF9}.Release LIB|Mixed Platforms.ActiveCfg = Release|Win32
		{DEE594DA-8B0A-4BFF-873B-F2588B9D5EF9}.Release LIB|Mixed Platforms.Build.0 = Release|Win32
		{DEE594DA-8B0A-4BFF-873B-F2588B9D5EF9}.Release LIB|Win32.ActiveCfg = Release|Win32
		{DEE594DA-8B0A-4BFF-873B-F2588B9D5EF9}.Release LIB|Win32.Build.0 = Release|Win32
		{DEE594DA-8B0A-4BFF-873B-F2588B9D5EF9}.Release LIB|x64.ActiveCfg = Release|Win32
		{DEE594DA-8B0A-4BFF-873B-F2588B9D5EF9}.Release|Mixed Platforms.ActiveCfg = Release|Win32
		{DEE594DA-8B0A-4BFF-873B-F2588B9D5EF9}.Release|Mixed Platforms.Build.0 = Release|Win32
		{DEE594DA-8B0A-4BFF-873B-F2588B9D5EF9}.Release|Win32.ActiveCfg = Release|Win32
		{DEE594DA-8B0A-4BFF-873B-F2588B9D5EF9}.Release|Win32.Build.0 = Release|Win32
		{DEE594DA-8B0A-4BFF-873B-F2588B9D5EF9}.Release|x64.ActiveCfg = Release|x64
		{DEE594DA-8B0A-4BFF-873B-F2588B9D5EF9}.Release|x64.Build.0 = Release|x64
		{22509807-C648-47BE-948B-DEA3D73ED24B}.Debug|Mixed Platforms.ActiveCfg = Debug|Win32
		{22509807-C648-47BE-948B-DEA3D73ED24B}.Debug|Mixed Platforms.Build.0 = Debug|Win32
		{22509807-C648-47BE-948B-DEA3D73ED24B}.Debug|Win32.ActiveCfg = Debug|Win32
		{22509807-C648-47BE-948B-DEA3D73ED24B}.Debug|Win32.Build.0 = Debug|Win32
		{22509807-C648-47BE-948B-DEA3D73ED24B}.Debug|x64.ActiveCfg = Debug|x64
		{22509807-C648-47BE-948B-DEA3D73ED24B}.Debug|x64.Build.0 = Debug|x64
		{22509807-C648-47BE-948B-DEA3D73ED24B}.demo Debug|Mixed Platforms.ActiveCfg = Debug|Win32
		{22509807-C648-47BE-948B-DEA3D73ED24B}.demo Debug|Mixed Platforms.Build.0 = Debug|Win32
		{22509807-C648-47BE-948B-DEA3D73ED24B}.demo Debug|Win32.ActiveCfg = Debug|Win32
		{22509807-C648-47BE-948B-DEA3D73ED24B}.demo Debug|Win32.Build.0 = Debug|Win32
		{22509807-C648-47BE-948B-DEA3D73ED24B}.demo Debug|x64.ActiveCfg = Debug|Win32
		{22509807-C648-47BE-948B-DEA3D73ED24B}.demo Release|Mixed Platforms.ActiveCfg = Release|Win32
		{22509807-C648-47BE-948B-DEA3D73ED24B}.demo Release|Mixed Platforms.Build.0 = Release|Win32
		{22509807-C648-47BE-948B-DEA3D73ED24B}.demo Release|Win32.ActiveCfg = Release|Win32
		{22509807-C648-47BE-948B-DEA3D73ED24B}.demo Release|Win32.Build.0 = Release|Win32
		{22509807-C648-47BE-948B-DEA3D73ED24B}.demo Release|x64.ActiveCfg = Release|Win32
		{22509807-C648-47BE-948B-DEA3D73ED24B}.Full Debug|Mixed Platforms.ActiveCfg = Debug|Win32
		{22509807-C648-47BE-948B-DEA3D73ED24B}.Full Debug|Mixed Platforms.Build.0 = Debug|Win32
		{22509807-C648-47BE-948B-DEA3D73ED24B}.Full Debug|Win32.ActiveCfg = Debug|Win32
		{22509807-C648-47BE-948B-DEA3D73ED24B}.Full Debug|Win32.Build.0 = Debug|Win32
		{22509807-C648-47BE-948B-DEA3D73ED24B}.Full Debug|x64.ActiveCfg = Debug|Win32
		{22509807-C648-47BE-948B-DEA3D73ED24B}.Full Release|Mixed Platforms.ActiveCfg = Release|Win32
		{22509807-C648-47BE-948B-DEA3D73ED24B}.Full Release|Mixed Platforms.Build.0 = Release|Win32
		{22509807-C648-47BE-948B-DEA3D73ED24B}.Full Release|Win32.ActiveCfg = Release|Win32
		{22509807-C648-47BE-948B-DEA3D73ED24B}.Full Release|Win32.Build.0 = Release|Win32
		{22509807-C648-47BE-948B-DEA3D73ED24B}.Full Release|x64.ActiveCfg = Release|Win32
		{22509807-C648-47BE-948B-DEA3D73ED24B}.Release LIB|Mixed Platforms.ActiveCfg = Release|Win32
		{22509807-C648-47BE-948B-DEA3D73ED24B}.Release LIB|Mixed Platforms.Build.0 = Release|Win32
		{22509807-C648-47BE-948B-DEA3D73ED24B}.Release LIB|Win32.ActiveCfg = Release|Win32
		{22509807-C648-47BE-948B-DEA3D73ED24B}.Release LIB|Win32.Build.0 = Release|Win32
		{22509807-C648-47BE-948B-DEA3D73ED24B}.Release LIB|x64.ActiveCfg = Release|Win32
		{22509807-C648-47BE-948B-DEA3D73ED24B}.Release|Mixed Platforms.ActiveCfg = Release|Win32
		{22509807-C648-47BE-948B-DEA3D73ED24B}.Release|Mixed Platforms.Build.0 = Release|Win32
		{22509807-C648-47BE-948B-DEA3D73ED24B}.Release|Win32.ActiveCfg = Release|Win32
		{22509807-C648-47BE-948B-DEA3D73ED24B}.Release|Win32.Build.0 = Release|Win32
		{22509807-C648-47BE-948B-DEA3D73ED24B}.Release|x64.ActiveCfg = Release|x64
		{22509807-C648-47BE-948B-DEA3D73ED24B}.Release|x64.Build.0 = Release|x64
		{87CF2619-722B-4A72-A2B0-98ED01998D58}.Debug|Mixed Platforms.ActiveCfg = Debug|Win32
		{87CF2619-722B-4A72-A2B0-98ED01998D58}.Debug|Mixed Platforms.Build.0 = Debug|Win32
		{87CF2619-722B-4A72-A2B0-98ED01998D58}.Debug|Win32.ActiveCfg = Debug|Win32
		{87CF2619-722B-4A72-A2B0-98ED01998D58}.Debug|Win32.Build.0 = Debug|Win32
		{87CF2619-722B-4A72-A2B0-98ED01998D58}.Debug|x64.ActiveCfg = Debug|Win32
		{87CF2619-722B-4A72-A2B0-98ED01998D58}.demo Debug|Mixed Platforms.ActiveCfg = demo Debug|Win32
		{87CF2619-722B-4A72-A2B0-98ED01998D58}.demo Debug|Mixed Platforms.Build.0 = demo Debug|Win32
		{87CF2619-722B-4A72-A2B0-98ED01998D58}.demo Debug|Win32.ActiveCfg = demo Debug|Win32
		{87CF2619-722B-4A72-A2B0-98ED01998D58}.demo Debug|Win32.Build.0 = demo Debug|Win32
		{87CF2619-722B-4A72-A2B0-98ED01998D58}.demo Debug|x64.ActiveCfg = demo Debug|x64
		{87CF2619-722B-4A72-A2B0-98ED01998D58}.demo Debug|x64.Build.0 = demo Debug|x64
		{87CF2619-722B-4A72-A2B0-98ED01998D58}.demo Release|Mixed Platforms.ActiveCfg = demo Release|Win32
		{87CF2619-722B-4A72-A2B0-98ED01998D58}.demo Release|Mixed Platforms.Build.0 = demo Release|Win32
		{87CF2619-722B-4A72-A2B0-98ED01998D58}.demo Release|Win32.ActiveCfg = demo Release|Win32
		{87CF2619-722B-4A72-A2B0-98ED01998D58}.demo Release|Win32.Build.0 = demo Release|Win32
		{87CF2619-722B-4A72-A2B0-98ED01998D58}.demo Release|x64.ActiveCfg = demo Release|x64
		{87CF2619-722B-4A72-A2B0-98ED01998D58}.demo Release|x64.Build.0 = demo Release|x64
		{87CF2619-722B-4A72-A2B0-98ED01998D58}.Full Debug|Mixed Platforms.ActiveCfg = Debug|Win32
		{87CF2619-722B-4A72-A2B0-98ED01998D58}.Full Debug|Mixed Platforms.Build.0 = Debug|Win32
		{87CF2619-722B-4A72-A2B0-98ED01998D58}.Full Debug|Win32.ActiveCfg = Debug|Win32
		{87CF2619-722B-4A72-A2B0-98ED01998D58}.Full Debug|Win32.Build.0 = Debug|Win32
		{87CF2619-722B-4A72-A2B0-98ED01998D58}.Full Debug|x64.ActiveCfg = Debug|x64
		{87CF2619-722B-4A72-A2B0-98ED01998D58}.Full Debug|x64.Build.0 = Debug|x64
		{87CF2619-722B-4A72-A2B0-98ED01998D58}.Full Release|Mixed Platforms.ActiveCfg = Release|Win32
		{87CF2619-722B-4A72-A2B0-98ED01998D58}.Full Release|Mixed Platforms.Build.0 = Release|Win32
		{87CF2619-722B-4A72-A2B0-98ED01998D58}.Full Release|Win32.ActiveCfg = Release|Win32
		{87CF2619-722B-4A72-A2B0-98ED01998D58}.Full Release|Win32.Build.0 = Release|Win32
		{87CF2619-722B-4A72-A2B0-98ED01998D58}.Full Release|x64.ActiveCfg = Release|x64
		{87CF2619-722B-4A72-A2B0-98ED01998D58}.Full Release|x64.Build.0 = Release|x64
		{87CF2619-722B-4A72-A2B0-98ED01998D58}.Release LIB|Mixed Platforms.ActiveCfg = Release|Win32
		{87CF2619-722B-4A72-A2B0-98ED01998D58}.Release LIB|Mixed Platforms.Build.0 = Release|Win32
		{87CF2619-722B-4A72-A2B0-98ED01998D58}.Release LIB|Win32.ActiveCfg = Release|Win32
		{87CF2619-722B-4A72-A2B0-98ED01998D58}.Release LIB|Win32.Build.0 = Release|Win32
		{87CF2619-722B-4A72-A2B0-98ED01998D58}.Release LIB|x64.ActiveCfg = Release|x64
		{87CF2619-722B-4A72-A2B0-98ED01998D58}.Release LIB|x64.Build.0 = Release|x64
		{87CF2619-722B-4A72-A2B0-98ED01998D58}.Release|Mixed Platforms.ActiveCfg = Release|Win32
		{87CF2619-722B-4A72-A2B0-98ED01998D58}.Release|Mixed Platforms.Build.0 = Release|Win32
		{87CF2619-722B-4A72-A2B0-98ED01998D58}.Release|Win32.ActiveCfg = Release|Win32
		{87CF2619-722B-4A72-A2B0-98ED01998D58}.Release|Win32.Build.0 = Release|Win32
		{87CF2619-722B-4A72-A2B0-98ED01998D58}.Release|x64.ActiveCfg = Release|Win32
		{09783B9E-0BC7-4E7E-B4EE-CB9730265F7B}.Debug|Mixed Platforms.ActiveCfg = Debug|x64
		{09783B9E-0BC7-4E7E-B4EE-CB9730265F7B}.Debug|Mixed Platforms.Build.0 = Debug|x64
		{09783B9E-0BC7-4E7E-B4EE-CB9730265F7B}.Debug|Win32.ActiveCfg = Debug|x64
		{09783B9E-0BC7-4E7E-B4EE-CB9730265F7B}.Debug|x64.ActiveCfg = Debug|x64
		{09783B9E-0BC7-4E7E-B4EE-CB9730265F7B}.Debug|x64.Build.0 = Debug|x64
		{09783B9E-0BC7-4E7E-B4EE-CB9730265F7B}.demo Debug|Mixed Platforms.ActiveCfg = Debug|x64
		{09783B9E-0BC7-4E7E-B4EE-CB9730265F7B}.demo Debug|Mixed Platforms.Build.0 = Debug|x64
		{09783B9E-0BC7-4E7E-B4EE-CB9730265F7B}.demo Debug|Win32.ActiveCfg = Debug|x64
		{09783B9E-0BC7-4E7E-B4EE-CB9730265F7B}.demo Debug|x64.ActiveCfg = Debug|x64
		{09783B9E-0BC7-4E7E-B4EE-CB9730265F7B}.demo Debug|x64.Build.0 = Debug|x64
		{09783B9E-0BC7-4E7E-B4EE-CB9730265F7B}.demo Release|Mixed Platforms.ActiveCfg = Release|x64
		{09783B9E-0BC7-4E7E-B4EE-CB9730265F7B}.demo Release|Mixed Platforms.Build.0 = Release|x64
		{09783B9E-0BC7-4E7E-B4EE-CB9730265F7B}.demo Release|Win32.ActiveCfg = Release|x64
		{09783B9E-0BC7-4E7E-B4EE-CB9730265F7B}.demo Release|x64.ActiveCfg = Release|x64
		{09783B9E-0BC7-4E7E-B4EE-CB9730265F7B}.demo Release|x64.Build.0 = Release|x64
		{09783B9E-0BC7-4E7E-B4EE-CB9730265F7B}.Full Debug|Mixed Platforms.ActiveCfg = Debug|x64
		{09783B9E-0BC7-4E7E-B4EE-CB9730265F7B}.Full Debug|Mixed Platforms.Build.0 = Debug|x64
		{09783B9E-0BC7-4E7E-B4EE-CB9730265F7B}.Full Debug|Win32.ActiveCfg = Debug|x64
		{09783B9E-0BC7-4E7E-B4EE-CB9730265F7B}.Full Debug|x64.ActiveCfg = Debug|x64
		{09783B9E-0BC7-4E7E-B4EE-CB9730265F7B}.Full Debug|x64.Build.0 = Debug|x64
		{09783B9E-0BC7-4E7E-B4EE-CB9730265F7B}.Full Release|Mixed Platforms.ActiveCfg = Release|x64
		{09783B9E-0BC7-4E7E-B4EE-CB9730265F7B}.Full Release|Mixed Platforms.Build.0 = Release|x64
		{09783B9E-0BC7-4E7E-B4EE-CB9730265F7B}.Full Release|Win32.ActiveCfg = Release|x64
		{09783B9E-0BC7-4E7E-B4EE-CB9730265F7B}.Full Release|x64.ActiveCfg = Release|x64
		{09783B9E-0BC7-4E7E-B4EE-CB9730265F7B}.Full Release|x64.Build.0 = Release|x64
		{09783B9E-0BC7-4E7E-B4EE-CB9730265F7B}.Release LIB|Mixed Platforms.ActiveCfg = Release|x64
		{09783B9E-0BC7-4E7E-B4EE-CB9730265F7B}.Release LIB|Mixed Platforms.Build.0 = Release|x64
		{09783B9E-0BC7-4E7E-B4EE-CB9730265F7B}.Release LIB|Win32.ActiveCfg = Release|x64
		{09783B9E-0BC7-4E7E-B4EE-CB9730265F7B}.Release LIB|x64.ActiveCfg = Release|x64
		{09783B9E-0BC7-4E7E-B4EE-CB9730265F7B}.Release LIB|x64.Build.0 = Release|x64
		{09783B9E-0BC7-4E7E-B4EE-CB9730265F7B}.Release|Mixed Platforms.ActiveCfg = Release|x64
		{09783B9E-0BC7-4E7E-B4EE-CB9730265F7B}.Release|Mixed Platforms.Build.0 = Release|x64
		{09783B9E-0BC7-4E7E-B4EE-CB9730265F7B}.Release|Win32.ActiveCfg = Release|x64
		{09783B9E-0BC7-4E7E-B4EE-CB9730265F7B}.Release|x64.ActiveCfg = Release|x64
		{09783B9E-0BC7-4E7E-B4EE-CB9730265F7B}.Release|x64.Build.0 = Release|x64
	EndGlobalSection
	GlobalSection(SolutionProperties) = preSolution
		HideSolutionNode = FALSE
	EndGlobalSection
EndGlobal
